// !$*UTF8*$!
{
	archiveVersion = 1;
	classes = {
	};
	objectVersion = 50;
	objects = {

/* Begin PBXBuildFile section */
		38EABCC2218FC7E1002F2B0F /* AppDelegate.swift in Sources */ = {isa = PBXBuildFile; fileRef = 38EABCC1218FC7E1002F2B0F /* AppDelegate.swift */; };
		38EABCC4218FC7E1002F2B0F /* ViewController.swift in Sources */ = {isa = PBXBuildFile; fileRef = 38EABCC3218FC7E1002F2B0F /* ViewController.swift */; };
		38EABCC7218FC7E1002F2B0F /* Main.storyboard in Resources */ = {isa = PBXBuildFile; fileRef = 38EABCC5218FC7E1002F2B0F /* Main.storyboard */; };
		38EABCC9218FC7E3002F2B0F /* Assets.xcassets in Resources */ = {isa = PBXBuildFile; fileRef = 38EABCC8218FC7E3002F2B0F /* Assets.xcassets */; };
		38EABCD1218FCB58002F2B0F /* SwiftyJSON.swift in Sources */ = {isa = PBXBuildFile; fileRef = 38EABCD0218FCB58002F2B0F /* SwiftyJSON.swift */; };
		38EABCD3218FD391002F2B0F /* ImagesViewController.swift in Sources */ = {isa = PBXBuildFile; fileRef = 38EABCD2218FD391002F2B0F /* ImagesViewController.swift */; };
/* End PBXBuildFile section */

/* Begin PBXFileReference section */
		38EABCBE218FC7E1002F2B0F /* HWTVOSProject1.app */ = {isa = PBXFileReference; explicitFileType = wrapper.application; includeInIndex = 0; path = HWTVOSProject1.app; sourceTree = BUILT_PRODUCTS_DIR; };
		38EABCC1218FC7E1002F2B0F /* AppDelegate.swift */ = {isa = PBXFileReference; lastKnownFileType = sourcecode.swift; path = AppDelegate.swift; sourceTree = "<group>"; };
		38EABCC3218FC7E1002F2B0F /* ViewController.swift */ = {isa = PBXFileReference; lastKnownFileType = sourcecode.swift; path = ViewController.swift; sourceTree = "<group>"; };
		38EABCC6218FC7E1002F2B0F /* Base */ = {isa = PBXFileReference; lastKnownFileType = file.storyboard; name = Base; path = Base.lproj/Main.storyboard; sourceTree = "<group>"; };
		38EABCC8218FC7E3002F2B0F /* Assets.xcassets */ = {isa = PBXFileReference; lastKnownFileType = folder.assetcatalog; path = Assets.xcassets; sourceTree = "<group>"; };
		38EABCCA218FC7E3002F2B0F /* Info.plist */ = {isa = PBXFileReference; lastKnownFileType = text.plist.xml; path = Info.plist; sourceTree = "<group>"; };
		38EABCD0218FCB58002F2B0F /* SwiftyJSON.swift */ = {isa = PBXFileReference; fileEncoding = 4; lastKnownFileType = sourcecode.swift; path = SwiftyJSON.swift; sourceTree = "<group>"; };
		38EABCD2218FD391002F2B0F /* ImagesViewController.swift */ = {isa = PBXFileReference; lastKnownFileType = sourcecode.swift; path = ImagesViewController.swift; sourceTree = "<group>"; };
/* End PBXFileReference section */

/* Begin PBXFrameworksBuildPhase section */
		38EABCBB218FC7E1002F2B0F /* Frameworks */ = {
			isa = PBXFrameworksBuildPhase;
			buildActionMask = 2147483647;
			files = (
			);
			runOnlyForDeploymentPostprocessing = 0;
		};
/* End PBXFrameworksBuildPhase section */

/* Begin PBXGroup section */
		38EABCB5218FC7E1002F2B0F = {
			isa = PBXGroup;
			children = (
				38EABCC0218FC7E1002F2B0F /* HWTVOSProject1 */,
				38EABCBF218FC7E1002F2B0F /* Products */,
			);
			sourceTree = "<group>";
		};
		38EABCBF218FC7E1002F2B0F /* Products */ = {
			isa = PBXGroup;
			children = (
				38EABCBE218FC7E1002F2B0F /* HWTVOSProject1.app */,
			);
			name = Products;
			sourceTree = "<group>";
		};
		38EABCC0218FC7E1002F2B0F /* HWTVOSProject1 */ = {
			isa = PBXGroup;
			children = (
				38EABCC1218FC7E1002F2B0F /* AppDelegate.swift */,
				38EABCC3218FC7E1002F2B0F /* ViewController.swift */,
				38EABCD2218FD391002F2B0F /* ImagesViewController.swift */,
				38EABCC5218FC7E1002F2B0F /* Main.storyboard */,
				38EABCC8218FC7E3002F2B0F /* Assets.xcassets */,
				38EABCD0218FCB58002F2B0F /* SwiftyJSON.swift */,
				38EABCCA218FC7E3002F2B0F /* Info.plist */,
			);
			path = HWTVOSProject1;
			sourceTree = "<group>";
		};
/* End PBXGroup section */

/* Begin PBXNativeTarget section */
		38EABCBD218FC7E1002F2B0F /* HWTVOSProject1 */ = {
			isa = PBXNativeTarget;
			buildConfigurationList = 38EABCCD218FC7E3002F2B0F /* Build configuration list for PBXNativeTarget "HWTVOSProject1" */;
			buildPhases = (
				38EABCBA218FC7E1002F2B0F /* Sources */,
				38EABCBB218FC7E1002F2B0F /* Frameworks */,
				38EABCBC218FC7E1002F2B0F /* Resources */,
			);
			buildRules = (
			);
			dependencies = (
			);
			name = HWTVOSProject1;
			productName = HWTVOSProject1;
			productReference = 38EABCBE218FC7E1002F2B0F /* HWTVOSProject1.app */;
			productType = "com.apple.product-type.application";
		};
/* End PBXNativeTarget section */

/* Begin PBXProject section */
		38EABCB6218FC7E1002F2B0F /* Project object */ = {
			isa = PBXProject;
			attributes = {
				LastSwiftUpdateCheck = 1010;
				LastUpgradeCheck = 1010;
				ORGANIZATIONNAME = "Patrick Cooke";
				TargetAttributes = {
					38EABCBD218FC7E1002F2B0F = {
						CreatedOnToolsVersion = 10.1;
					};
				};
			};
			buildConfigurationList = 38EABCB9218FC7E1002F2B0F /* Build configuration list for PBXProject "HWTVOSProject1" */;
			compatibilityVersion = "Xcode 9.3";
			developmentRegion = en;
			hasScannedForEncodings = 0;
			knownRegions = (
				en,
				Base,
			);
			mainGroup = 38EABCB5218FC7E1002F2B0F;
			productRefGroup = 38EABCBF218FC7E1002F2B0F /* Products */;
			projectDirPath = "";
			projectRoot = "";
			targets = (
				38EABCBD218FC7E1002F2B0F /* HWTVOSProject1 */,
			);
		};
/* End PBXProject section */

/* Begin PBXResourcesBuildPhase section */
		38EABCBC218FC7E1002F2B0F /* Resources */ = {
			isa = PBXResourcesBuildPhase;
			buildActionMask = 2147483647;
			files = (
				38EABCC9218FC7E3002F2B0F /* Assets.xcassets in Resources */,
				38EABCC7218FC7E1002F2B0F /* Main.storyboard in Resources */,
			);
			runOnlyForDeploymentPostprocessing = 0;
		};
/* End PBXResourcesBuildPhase section */

/* Begin PBXSourcesBuildPhase section */
		38EABCBA218FC7E1002F2B0F /* Sources */ = {
			isa = PBXSourcesBuildPhase;
			buildActionMask = 2147483647;
			files = (
				38EABCD1218FCB58002F2B0F /* SwiftyJSON.swift in Sources */,
				38EABCC4218FC7E1002F2B0F /* ViewController.swift in Sources */,
				38EABCD3218FD391002F2B0F /* ImagesViewController.swift in Sources */,
				38EABCC2218FC7E1002F2B0F /* AppDelegate.swift in Sources */,
			);
			runOnlyForDeploymentPostprocessing = 0;
		};
/* End PBXSourcesBuildPhase section */

/* Begin PBXVariantGroup section */
		38EABCC5218FC7E1002F2B0F /* Main.storyboard */ = {
			isa = PBXVariantGroup;
			children = (
				38EABCC6218FC7E1002F2B0F /* Base */,
			);
			name = Main.storyboard;
			sourceTree = "<group>";
		};
/* End PBXVariantGroup section */

/* Begin XCBuildConfiguration section */
		38EABCCB218FC7E3002F2B0F /* Debug */ = {
			isa = XCBuildConfiguration;
			buildSettings = {
				ALWAYS_SEARCH_USER_PATHS = NO;
				CLANG_ANALYZER_NONNULL = YES;
				CLANG_ANALYZER_NUMBER_OBJECT_CONVERSION = YES_AGGRESSIVE;
				CLANG_CXX_LANGUAGE_STANDARD = "gnu++14";
				CLANG_CXX_LIBRARY = "libc++";
				CLANG_ENABLE_MODULES = YES;
				CLANG_ENABLE_OBJC_ARC = YES;
				CLANG_ENABLE_OBJC_WEAK = YES;
				CLANG_WARN_BLOCK_CAPTURE_AUTORELEASING = YES;
				CLANG_WARN_BOOL_CONVERSION = YES;
				CLANG_WARN_COMMA = YES;
				CLANG_WARN_CONSTANT_CONVERSION = YES;
				CLANG_WARN_DEPRECATED_OBJC_IMPLEMENTATIONS = YES;
				CLANG_WARN_DIRECT_OBJC_ISA_USAGE = YES_ERROR;
				CLANG_WARN_DOCUMENTATION_COMMENTS = YES;
				CLANG_WARN_EMPTY_BODY = YES;
				CLANG_WARN_ENUM_CONVERSION = YES;
				CLANG_WARN_INFINITE_RECURSION = YES;
				CLANG_WARN_INT_CONVERSION = YES;
				CLANG_WARN_NON_LITERAL_NULL_CONVERSION = YES;
				CLANG_WARN_OBJC_IMPLICIT_RETAIN_SELF = YES;
				CLANG_WARN_OBJC_LITERAL_CONVERSION = YES;
				CLANG_WARN_OBJC_ROOT_CLASS = YES_ERROR;
				CLANG_WARN_RANGE_LOOP_ANALYSIS = YES;
				CLANG_WARN_STRICT_PROTOTYPES = YES;
				CLANG_WARN_SUSPICIOUS_MOVE = YES;
				CLANG_WARN_UNGUARDED_AVAILABILITY = YES_AGGRESSIVE;
				CLANG_WARN_UNREACHABLE_CODE = YES;
				CLANG_WARN__DUPLICATE_METHOD_MATCH = YES;
				COPY_PHASE_STRIP = NO;
				DEBUG_INFORMATION_FORMAT = dwarf;
				ENABLE_STRICT_OBJC_MSGSEND = YES;
				ENABLE_TESTABILITY = YES;
				GCC_C_LANGUAGE_STANDARD = gnu11;
				GCC_DYNAMIC_NO_PIC = NO;
				GCC_NO_COMMON_BLOCKS = YES;
				GCC_OPTIMIZATION_LEVEL = 0;
				GCC_PREPROCESSOR_DEFINITIONS = (
					"DEBUG=1",
					"$(inherited)",
				);
				GCC_WARN_64_TO_32_BIT_CONVERSION = YES;
				GCC_WARN_ABOUT_RETURN_TYPE = YES_ERROR;
				GCC_WARN_UNDECLARED_SELECTOR = YES;
				GCC_WARN_UNINITIALIZED_AUTOS = YES_AGGRESSIVE;
				GCC_WARN_UNUSED_FUNCTION = YES;
				GCC_WARN_UNUSED_VARIABLE = YES;
				MTL_ENABLE_DEBUG_INFO = INCLUDE_SOURCE;
				MTL_FAST_MATH = YES;
				ONLY_ACTIVE_ARCH = YES;
				SDKROOT = appletvos;
				SWIFT_ACTIVE_COMPILATION_CONDITIONS = DEBUG;
				SWIFT_OPTIMIZATION_LEVEL = "-Onone";
				TVOS_DEPLOYMENT_TARGET = 12.1;
			};
			name = Debug;
		};
		38EABCCC218FC7E3002F2B0F /* Release */ = {
			isa = XCBuildConfiguration;
			buildSettings = {
				ALWAYS_SEARCH_USER_PATHS = NO;
				CLANG_ANALYZER_NONNULL = YES;
				CLANG_ANALYZER_NUMBER_OBJECT_CONVERSION = YES_AGGRESSIVE;
				CLANG_CXX_LANGUAGE_STANDARD = "gnu++14";
				CLANG_CXX_LIBRARY = "libc++";
				CLANG_ENABLE_MODULES = YES;
				CLANG_ENABLE_OBJC_ARC = YES;
				CLANG_ENABLE_OBJC_WEAK = YES;
				CLANG_WARN_BLOCK_CAPTURE_AUTORELEASING = YES;
				CLANG_WARN_BOOL_CONVERSION = YES;
				CLANG_WARN_COMMA = YES;
				CLANG_WARN_CONSTANT_CONVERSION = YES;
				CLANG_WARN_DEPRECATED_OBJC_IMPLEMENTATIONS = YES;
				CLANG_WARN_DIRECT_OBJC_ISA_USAGE = YES_ERROR;
				CLANG_WARN_DOCUMENTATION_COMMENTS = YES;
				CLANG_WARN_EMPTY_BODY = YES;
				CLANG_WARN_ENUM_CONVERSION = YES;
				CLANG_WARN_INFINITE_RECURSION = YES;
				CLANG_WARN_INT_CONVERSION = YES;
				CLANG_WARN_NON_LITERAL_NULL_CONVERSION = YES;
				CLANG_WARN_OBJC_IMPLICIT_RETAIN_SELF = YES;
				CLANG_WARN_OBJC_LITERAL_CONVERSION = YES;
				CLANG_WARN_OBJC_ROOT_CLASS = YES_ERROR;
				CLANG_WARN_RANGE_LOOP_ANALYSIS = YES;
				CLANG_WARN_STRICT_PROTOTYPES = YES;
				CLANG_WARN_SUSPICIOUS_MOVE = YES;
				CLANG_WARN_UNGUARDED_AVAILABILITY = YES_AGGRESSIVE;
				CLANG_WARN_UNREACHABLE_CODE = YES;
				CLANG_WARN__DUPLICATE_METHOD_MATCH = YES;
				COPY_PHASE_STRIP = NO;
				DEBUG_INFORMATION_FORMAT = "dwarf-with-dsym";
				ENABLE_NS_ASSERTIONS = NO;
				ENABLE_STRICT_OBJC_MSGSEND = YES;
				GCC_C_LANGUAGE_STANDARD = gnu11;
				GCC_NO_COMMON_BLOCKS = YES;
				GCC_WARN_64_TO_32_BIT_CONVERSION = YES;
				GCC_WARN_ABOUT_RETURN_TYPE = YES_ERROR;
				GCC_WARN_UNDECLARED_SELECTOR = YES;
				GCC_WARN_UNINITIALIZED_AUTOS = YES_AGGRESSIVE;
				GCC_WARN_UNUSED_FUNCTION = YES;
				GCC_WARN_UNUSED_VARIABLE = YES;
				MTL_ENABLE_DEBUG_INFO = NO;
				MTL_FAST_MATH = YES;
				SDKROOT = appletvos;
				SWIFT_COMPILATION_MODE = wholemodule;
				SWIFT_OPTIMIZATION_LEVEL = "-O";
				TVOS_DEPLOYMENT_TARGET = 12.1;
				VALIDATE_PRODUCT = YES;
			};
			name = Release;
		};
		38EABCCE218FC7E3002F2B0F /* Debug */ = {
			isa = XCBuildConfiguration;
			buildSettings = {
				ASSETCATALOG_COMPILER_APPICON_NAME = "App Icon & Top Shelf Image";
				ASSETCATALOG_COMPILER_LAUNCHIMAGE_NAME = LaunchImage;
				CODE_SIGN_STYLE = Automatic;
				DEVELOPMENT_TEAM = 6L9J2XXKYC;
				INFOPLIST_FILE = HWTVOSProject1/Info.plist;
				LD_RUNPATH_SEARCH_PATHS = (
					"$(inherited)",
					"@executable_path/Frameworks",
				);
				PRODUCT_BUNDLE_IDENTIFIER = appsbypat.HWTVOSProject1;
				PRODUCT_NAME = "$(TARGET_NAME)";
				SWIFT_VERSION = 4.2;
				TARGETED_DEVICE_FAMILY = 3;
			};
			name = Debug;
		};
		38EABCCF218FC7E3002F2B0F /* Release */ = {
			isa = XCBuildConfiguration;
			buildSettings = {
				ASSETCATALOG_COMPILER_APPICON_NAME = "App Icon & Top Shelf Image";
				ASSETCATALOG_COMPILER_LAUNCHIMAGE_NAME = LaunchImage;
				CODE_SIGN_STYLE = Automatic;
				DEVELOPMENT_TEAM = 6L9J2XXKYC;
				INFOPLIST_FILE = HWTVOSProject1/Info.plist;
				LD_RUNPATH_SEARCH_PATHS = (
					"$(inherited)",
					"@executable_path/Frameworks",
				);
				PRODUCT_BUNDLE_IDENTIFIER = appsbypat.HWTVOSProject1;
				PRODUCT_NAME = "$(TARGET_NAME)";
				SWIFT_VERSION = 4.2;
				TARGETED_DEVICE_FAMILY = 3;
			};
			name = Release;
		};
/* End XCBuildConfiguration section */

/* Begin XCConfigurationList section */
		38EABCB9218FC7E1002F2B0F /* Build configuration list for PBXProject "HWTVOSProject1" */ = {
			isa = XCConfigurationList;
			buildConfigurations = (
				38EABCCB218FC7E3002F2B0F /* Debug */,
				38EABCCC218FC7E3002F2B0F /* Release */,
			);
			defaultConfigurationIsVisible = 0;
			defaultConfigurationName = Release;
		};
		38EABCCD218FC7E3002F2B0F /* Build configuration list for PBXNativeTarget "HWTVOSProject1" */ = {
			isa = XCConfigurationList;
			buildConfigurations = (
				38EABCCE218FC7E3002F2B0F /* Debug */,
				38EABCCF218FC7E3002F2B0F /* Release */,
			);
			defaultConfigurationIsVisible = 0;
			defaultConfigurationName = Release;
		};
/* End XCConfigurationList section */
	};
	rootObject = 38EABCB6218FC7E1002F2B0F /* Project object */;
}
